
Microsoft Visual Studio Solution File, Format Version 12.00
# Visual Studio Version 17
VisualStudioVersion = 17.13.35919.96 d17.13
MinimumVisualStudioVersion = 10.0.40219.1
Project("{FAE04EC0-301F-11D3-BF4B-00C04F79EFBC}") = "EntLibDALDemo", "EntLibDALDemo\EntLibDALDemo.csproj", "{00363B52-2F64-4713-B8F7-775A431E1E11}"
EndProject
Global
	GlobalSection(SolutionConfigurationPlatforms) = preSolution
		Debug|Any CPU = Debug|Any CPU
		Release|Any CPU = Release|Any CPU
	EndGlobalSection
	GlobalSection(ProjectConfigurationPlatforms) = postSolution
		{00363B52-2F64-4713-B8F7-775A431E1E11}.Debug|Any CPU.ActiveCfg = Debug|Any CPU
		{00363B52-2F64-4713-B8F7-775A431E1E11}.Debug|Any CPU.Build.0 = Debug|Any CPU
		{00363B52-2F64-4713-B8F7-775A431E1E11}.Release|Any CPU.ActiveCfg = Release|Any CPU
		{00363B52-2F64-4713-B8F7-775A431E1E11}.Release|Any CPU.Build.0 = Release|Any CPU
	EndGlobalSection
	GlobalSection(SolutionProperties) = preSolution
		HideSolutionNode = FALSE
	EndGlobalSection
	GlobalSection(ExtensibilityGlobals) = postSolution
		SolutionGuid = {5A358310-00EE-4B33-8E95-53F33C1A8EB5}
	EndGlobalSection
EndGlobal
